// !$*UTF8*$!
{
	archiveVersion = 1;
	classes = {
	};
	objectVersion = 50;
	objects = {

/* Begin PBXBuildFile section */
		F633CCCD25BFCA47002B331A /* AppDelegate.swift in Sources */ = {isa = PBXBuildFile; fileRef = F633CCCC25BFCA47002B331A /* AppDelegate.swift */; };
		F633CCCF25BFCA47002B331A /* SceneDelegate.swift in Sources */ = {isa = PBXBuildFile; fileRef = F633CCCE25BFCA47002B331A /* SceneDelegate.swift */; };
		F633CCD125BFCA47002B331A /* ViewController.swift in Sources */ = {isa = PBXBuildFile; fileRef = F633CCD025BFCA47002B331A /* ViewController.swift */; };
		F633CCD425BFCA47002B331A /* Main.storyboard in Resources */ = {isa = PBXBuildFile; fileRef = F633CCD225BFCA47002B331A /* Main.storyboard */; };
		F633CCD625BFCA4B002B331A /* Assets.xcassets in Resources */ = {isa = PBXBuildFile; fileRef = F633CCD525BFCA4B002B331A /* Assets.xcassets */; };
		F633CCD925BFCA4B002B331A /* LaunchScreen.storyboard in Resources */ = {isa = PBXBuildFile; fileRef = F633CCD725BFCA4B002B331A /* LaunchScreen.storyboard */; };
		F633CCE425BFCA4C002B331A /* codepathPreWorkTests.swift in Sources */ = {isa = PBXBuildFile; fileRef = F633CCE325BFCA4C002B331A /* codepathPreWorkTests.swift */; };
		F633CCEF25BFCA4C002B331A /* codepathPreWorkUITests.swift in Sources */ = {isa = PBXBuildFile; fileRef = F633CCEE25BFCA4C002B331A /* codepathPreWorkUITests.swift */; };
/* End PBXBuildFile section */

/* Begin PBXContainerItemProxy section */
		F633CCE025BFCA4C002B331A /* PBXContainerItemProxy */ = {
			isa = PBXContainerItemProxy;
			containerPortal = F633CCC125BFCA47002B331A /* Project object */;
			proxyType = 1;
			remoteGlobalIDString = F633CCC825BFCA47002B331A;
			remoteInfo = codepathPreWork;
		};
		F633CCEB25BFCA4C002B331A /* PBXContainerItemProxy */ = {
			isa = PBXContainerItemProxy;
			containerPortal = F633CCC125BFCA47002B331A /* Project object */;
			proxyType = 1;
			remoteGlobalIDString = F633CCC825BFCA47002B331A;
			remoteInfo = codepathPreWork;
		};
/* End PBXContainerItemProxy section */

/* Begin PBXFileReference section */
		F633CCC925BFCA47002B331A /* codepathPreWork.app */ = {isa = PBXFileReference; explicitFileType = wrapper.application; includeInIndex = 0; path = codepathPreWork.app; sourceTree = BUILT_PRODUCTS_DIR; };
		F633CCCC25BFCA47002B331A /* AppDelegate.swift */ = {isa = PBXFileReference; lastKnownFileType = sourcecode.swift; path = AppDelegate.swift; sourceTree = "<group>"; };
		F633CCCE25BFCA47002B331A /* SceneDelegate.swift */ = {isa = PBXFileReference; lastKnownFileType = sourcecode.swift; path = SceneDelegate.swift; sourceTree = "<group>"; };
		F633CCD025BFCA47002B331A /* ViewController.swift */ = {isa = PBXFileReference; lastKnownFileType = sourcecode.swift; path = ViewController.swift; sourceTree = "<group>"; };
		F633CCD325BFCA47002B331A /* Base */ = {isa = PBXFileReference; lastKnownFileType = file.storyboard; name = Base; path = Base.lproj/Main.storyboard; sourceTree = "<group>"; };
		F633CCD525BFCA4B002B331A /* Assets.xcassets */ = {isa = PBXFileReference; lastKnownFileType = folder.assetcatalog; path = Assets.xcassets; sourceTree = "<group>"; };
		F633CCD825BFCA4B002B331A /* Base */ = {isa = PBXFileReference; lastKnownFileType = file.storyboard; name = Base; path = Base.lproj/LaunchScreen.storyboard; sourceTree = "<group>"; };
		F633CCDA25BFCA4B002B331A /* Info.plist */ = {isa = PBXFileReference; lastKnownFileType = text.plist.xml; path = Info.plist; sourceTree = "<group>"; };
		F633CCDF25BFCA4C002B331A /* codepathPreWorkTests.xctest */ = {isa = PBXFileReference; explicitFileType = wrapper.cfbundle; includeInIndex = 0; path = codepathPreWorkTests.xctest; sourceTree = BUILT_PRODUCTS_DIR; };
		F633CCE325BFCA4C002B331A /* codepathPreWorkTests.swift */ = {isa = PBXFileReference; lastKnownFileType = sourcecode.swift; path = codepathPreWorkTests.swift; sourceTree = "<group>"; };
		F633CCE525BFCA4C002B331A /* Info.plist */ = {isa = PBXFileReference; lastKnownFileType = text.plist.xml; path = Info.plist; sourceTree = "<group>"; };
		F633CCEA25BFCA4C002B331A /* codepathPreWorkUITests.xctest */ = {isa = PBXFileReference; explicitFileType = wrapper.cfbundle; includeInIndex = 0; path = codepathPreWorkUITests.xctest; sourceTree = BUILT_PRODUCTS_DIR; };
		F633CCEE25BFCA4C002B331A /* codepathPreWorkUITests.swift */ = {isa = PBXFileReference; lastKnownFileType = sourcecode.swift; path = codepathPreWorkUITests.swift; sourceTree = "<group>"; };
		F633CCF025BFCA4C002B331A /* Info.plist */ = {isa = PBXFileReference; lastKnownFileType = text.plist.xml; path = Info.plist; sourceTree = "<group>"; };
/* End PBXFileReference section */

/* Begin PBXFrameworksBuildPhase section */
		F633CCC625BFCA47002B331A /* Frameworks */ = {
			isa = PBXFrameworksBuildPhase;
			buildActionMask = 2147483647;
			files = (
			);
			runOnlyForDeploymentPostprocessing = 0;
		};
		F633CCDC25BFCA4C002B331A /* Frameworks */ = {
			isa = PBXFrameworksBuildPhase;
			buildActionMask = 2147483647;
			files = (
			);
			runOnlyForDeploymentPostprocessing = 0;
		};
		F633CCE725BFCA4C002B331A /* Frameworks */ = {
			isa = PBXFrameworksBuildPhase;
			buildActionMask = 2147483647;
			files = (
			);
			runOnlyForDeploymentPostprocessing = 0;
		};
/* End PBXFrameworksBuildPhase section */

/* Begin PBXGroup section */
		F633CCC025BFCA47002B331A = {
			isa = PBXGroup;
			children = (
				F633CCCB25BFCA47002B331A /* codepathPreWork */,
				F633CCE225BFCA4C002B331A /* codepathPreWorkTests */,
				F633CCED25BFCA4C002B331A /* codepathPreWorkUITests */,
				F633CCCA25BFCA47002B331A /* Products */,
			);
			sourceTree = "<group>";
		};
		F633CCCA25BFCA47002B331A /* Products */ = {
			isa = PBXGroup;
			children = (
				F633CCC925BFCA47002B331A /* codepathPreWork.app */,
				F633CCDF25BFCA4C002B331A /* codepathPreWorkTests.xctest */,
				F633CCEA25BFCA4C002B331A /* codepathPreWorkUITests.xctest */,
			);
			name = Products;
			sourceTree = "<group>";
		};
		F633CCCB25BFCA47002B331A /* codepathPreWork */ = {
			isa = PBXGroup;
			children = (
				F633CCCC25BFCA47002B331A /* AppDelegate.swift */,
				F633CCCE25BFCA47002B331A /* SceneDelegate.swift */,
				F633CCD025BFCA47002B331A /* ViewController.swift */,
				F633CCD225BFCA47002B331A /* Main.storyboard */,
				F633CCD525BFCA4B002B331A /* Assets.xcassets */,
				F633CCD725BFCA4B002B331A /* LaunchScreen.storyboard */,
				F633CCDA25BFCA4B002B331A /* Info.plist */,
			);
			path = codepathPreWork;
			sourceTree = "<group>";
		};
		F633CCE225BFCA4C002B331A /* codepathPreWorkTests */ = {
			isa = PBXGroup;
			children = (
				F633CCE325BFCA4C002B331A /* codepathPreWorkTests.swift */,
				F633CCE525BFCA4C002B331A /* Info.plist */,
			);
			path = codepathPreWorkTests;
			sourceTree = "<group>";
		};
		F633CCED25BFCA4C002B331A /* codepathPreWorkUITests */ = {
			isa = PBXGroup;
			children = (
				F633CCEE25BFCA4C002B331A /* codepathPreWorkUITests.swift */,
				F633CCF025BFCA4C002B331A /* Info.plist */,
			);
			path = codepathPreWorkUITests;
			sourceTree = "<group>";
		};
/* End PBXGroup section */

/* Begin PBXNativeTarget section */
		F633CCC825BFCA47002B331A /* codepathPreWork */ = {
			isa = PBXNativeTarget;
			buildConfigurationList = F633CCF325BFCA4C002B331A /* Build configuration list for PBXNativeTarget "codepathPreWork" */;
			buildPhases = (
				F633CCC525BFCA47002B331A /* Sources */,
				F633CCC625BFCA47002B331A /* Frameworks */,
				F633CCC725BFCA47002B331A /* Resources */,
			);
			buildRules = (
			);
			dependencies = (
			);
			name = codepathPreWork;
			productName = codepathPreWork;
			productReference = F633CCC925BFCA47002B331A /* codepathPreWork.app */;
			productType = "com.apple.product-type.application";
		};
		F633CCDE25BFCA4C002B331A /* codepathPreWorkTests */ = {
			isa = PBXNativeTarget;
			buildConfigurationList = F633CCF625BFCA4C002B331A /* Build configuration list for PBXNativeTarget "codepathPreWorkTests" */;
			buildPhases = (
				F633CCDB25BFCA4C002B331A /* Sources */,
				F633CCDC25BFCA4C002B331A /* Frameworks */,
				F633CCDD25BFCA4C002B331A /* Resources */,
			);
			buildRules = (
			);
			dependencies = (
				F633CCE125BFCA4C002B331A /* PBXTargetDependency */,
			);
			name = codepathPreWorkTests;
			productName = codepathPreWorkTests;
			productReference = F633CCDF25BFCA4C002B331A /* codepathPreWorkTests.xctest */;
			productType = "com.apple.product-type.bundle.unit-test";
		};
		F633CCE925BFCA4C002B331A /* codepathPreWorkUITests */ = {
			isa = PBXNativeTarget;
			buildConfigurationList = F633CCF925BFCA4C002B331A /* Build configuration list for PBXNativeTarget "codepathPreWorkUITests" */;
			buildPhases = (
				F633CCE625BFCA4C002B331A /* Sources */,
				F633CCE725BFCA4C002B331A /* Frameworks */,
				F633CCE825BFCA4C002B331A /* Resources */,
			);
			buildRules = (
			);
			dependencies = (
				F633CCEC25BFCA4C002B331A /* PBXTargetDependency */,
			);
			name = codepathPreWorkUITests;
			productName = codepathPreWorkUITests;
			productReference = F633CCEA25BFCA4C002B331A /* codepathPreWorkUITests.xctest */;
			productType = "com.apple.product-type.bundle.ui-testing";
		};
/* End PBXNativeTarget section */

/* Begin PBXProject section */
		F633CCC125BFCA47002B331A /* Project object */ = {
			isa = PBXProject;
			attributes = {
				LastSwiftUpdateCheck = 1230;
				LastUpgradeCheck = 1230;
				TargetAttributes = {
					F633CCC825BFCA47002B331A = {
						CreatedOnToolsVersion = 12.3;
					};
					F633CCDE25BFCA4C002B331A = {
						CreatedOnToolsVersion = 12.3;
						TestTargetID = F633CCC825BFCA47002B331A;
					};
					F633CCE925BFCA4C002B331A = {
						CreatedOnToolsVersion = 12.3;
						TestTargetID = F633CCC825BFCA47002B331A;
					};
				};
			};
			buildConfigurationList = F633CCC425BFCA47002B331A /* Build configuration list for PBXProject "codepathPreWork" */;
			compatibilityVersion = "Xcode 9.3";
			developmentRegion = en;
			hasScannedForEncodings = 0;
			knownRegions = (
				en,
				Base,
			);
			mainGroup = F633CCC025BFCA47002B331A;
			productRefGroup = F633CCCA25BFCA47002B331A /* Products */;
			projectDirPath = "";
			projectRoot = "";
			targets = (
				F633CCC825BFCA47002B331A /* codepathPreWork */,
				F633CCDE25BFCA4C002B331A /* codepathPreWorkTests */,
				F633CCE925BFCA4C002B331A /* codepathPreWorkUITests */,
			);
		};
/* End PBXProject section */

/* Begin PBXResourcesBuildPhase section */
		F633CCC725BFCA47002B331A /* Resources */ = {
			isa = PBXResourcesBuildPhase;
			buildActionMask = 2147483647;
			files = (
				F633CCD925BFCA4B002B331A /* LaunchScreen.storyboard in Resources */,
				F633CCD625BFCA4B002B331A /* Assets.xcassets in Resources */,
				F633CCD425BFCA47002B331A /* Main.storyboard in Resources */,
			);
			runOnlyForDeploymentPostprocessing = 0;
		};
		F633CCDD25BFCA4C002B331A /* Resources */ = {
			isa = PBXResourcesBuildPhase;
			buildActionMask = 2147483647;
			files = (
			);
			runOnlyForDeploymentPostprocessing = 0;
		};
		F633CCE825BFCA4C002B331A /* Resources */ = {
			isa = PBXResourcesBuildPhase;
			buildActionMask = 2147483647;
			files = (
			);
			runOnlyForDeploymentPostprocessing = 0;
		};
/* End PBXResourcesBuildPhase section */

/* Begin PBXSourcesBuildPhase section */
		F633CCC525BFCA47002B331A /* Sources */ = {
			isa = PBXSourcesBuildPhase;
			buildActionMask = 2147483647;
			files = (
				F633CCD125BFCA47002B331A /* ViewController.swift in Sources */,
				F633CCCD25BFCA47002B331A /* AppDelegate.swift in Sources */,
				F633CCCF25BFCA47002B331A /* SceneDelegate.swift in Sources */,
			);
			runOnlyForDeploymentPostprocessing = 0;
		};
		F633CCDB25BFCA4C002B331A /* Sources */ = {
			isa = PBXSourcesBuildPhase;
			buildActionMask = 2147483647;
			files = (
				F633CCE425BFCA4C002B331A /* codepathPreWorkTests.swift in Sources */,
			);
			runOnlyForDeploymentPostprocessing = 0;
		};
		F633CCE625BFCA4C002B331A /* Sources */ = {
			isa = PBXSourcesBuildPhase;
			buildActionMask = 2147483647;
			files = (
				F633CCEF25BFCA4C002B331A /* codepathPreWorkUITests.swift in Sources */,
			);
			runOnlyForDeploymentPostprocessing = 0;
		};
/* End PBXSourcesBuildPhase section */

/* Begin PBXTargetDependency section */
		F633CCE125BFCA4C002B331A /* PBXTargetDependency */ = {
			isa = PBXTargetDependency;
			target = F633CCC825BFCA47002B331A /* codepathPreWork */;
			targetProxy = F633CCE025BFCA4C002B331A /* PBXContainerItemProxy */;
		};
		F633CCEC25BFCA4C002B331A /* PBXTargetDependency */ = {
			isa = PBXTargetDependency;
			target = F633CCC825BFCA47002B331A /* codepathPreWork */;
			targetProxy = F633CCEB25BFCA4C002B331A /* PBXContainerItemProxy */;
		};
/* End PBXTargetDependency section */

/* Begin PBXVariantGroup section */
		F633CCD225BFCA47002B331A /* Main.storyboard */ = {
			isa = PBXVariantGroup;
			children = (
				F633CCD325BFCA47002B331A /* Base */,
			);
			name = Main.storyboard;
			sourceTree = "<group>";
		};
		F633CCD725BFCA4B002B331A /* LaunchScreen.storyboard */ = {
			isa = PBXVariantGroup;
			children = (
				F633CCD825BFCA4B002B331A /* Base */,
			);
			name = LaunchScreen.storyboard;
			sourceTree = "<group>";
		};
/* End PBXVariantGroup section */

/* Begin XCBuildConfiguration section */
		F633CCF125BFCA4C002B331A /* Debug */ = {
			isa = XCBuildConfiguration;
			buildSettings = {
				ALWAYS_SEARCH_USER_PATHS = NO;
				CLANG_ANALYZER_NONNULL = YES;
				CLANG_ANALYZER_NUMBER_OBJECT_CONVERSION = YES_AGGRESSIVE;
				CLANG_CXX_LANGUAGE_STANDARD = "gnu++14";
				CLANG_CXX_LIBRARY = "libc++";
				CLANG_ENABLE_MODULES = YES;
				CLANG_ENABLE_OBJC_ARC = YES;
				CLANG_ENABLE_OBJC_WEAK = YES;
				CLANG_WARN_BLOCK_CAPTURE_AUTORELEASING = YES;
				CLANG_WARN_BOOL_CONVERSION = YES;
				CLANG_WARN_COMMA = YES;
				CLANG_WARN_CONSTANT_CONVERSION = YES;
				CLANG_WARN_DEPRECATED_OBJC_IMPLEMENTATIONS = YES;
				CLANG_WARN_DIRECT_OBJC_ISA_USAGE = YES_ERROR;
				CLANG_WARN_DOCUMENTATION_COMMENTS = YES;
				CLANG_WARN_EMPTY_BODY = YES;
				CLANG_WARN_ENUM_CONVERSION = YES;
				CLANG_WARN_INFINITE_RECURSION = YES;
				CLANG_WARN_INT_CONVERSION = YES;
				CLANG_WARN_NON_LITERAL_NULL_CONVERSION = YES;
				CLANG_WARN_OBJC_IMPLICIT_RETAIN_SELF = YES;
				CLANG_WARN_OBJC_LITERAL_CONVERSION = YES;
				CLANG_WARN_OBJC_ROOT_CLASS = YES_ERROR;
				CLANG_WARN_QUOTED_INCLUDE_IN_FRAMEWORK_HEADER = YES;
				CLANG_WARN_RANGE_LOOP_ANALYSIS = YES;
				CLANG_WARN_STRICT_PROTOTYPES = YES;
				CLANG_WARN_SUSPICIOUS_MOVE = YES;
				CLANG_WARN_UNGUARDED_AVAILABILITY = YES_AGGRESSIVE;
				CLANG_WARN_UNREACHABLE_CODE = YES;
				CLANG_WARN__DUPLICATE_METHOD_MATCH = YES;
				COPY_PHASE_STRIP = NO;
				DEBUG_INFORMATION_FORMAT = dwarf;
				ENABLE_STRICT_OBJC_MSGSEND = YES;
				ENABLE_TESTABILITY = YES;
				GCC_C_LANGUAGE_STANDARD = gnu11;
				GCC_DYNAMIC_NO_PIC = NO;
				GCC_NO_COMMON_BLOCKS = YES;
				GCC_OPTIMIZATION_LEVEL = 0;
				GCC_PREPROCESSOR_DEFINITIONS = (
					"DEBUG=1",
					"$(inherited)",
				);
				GCC_WARN_64_TO_32_BIT_CONVERSION = YES;
				GCC_WARN_ABOUT_RETURN_TYPE = YES_ERROR;
				GCC_WARN_UNDECLARED_SELECTOR = YES;
				GCC_WARN_UNINITIALIZED_AUTOS = YES_AGGRESSIVE;
				GCC_WARN_UNUSED_FUNCTION = YES;
				GCC_WARN_UNUSED_VARIABLE = YES;
				IPHONEOS_DEPLOYMENT_TARGET = 14.3;
				MTL_ENABLE_DEBUG_INFO = INCLUDE_SOURCE;
				MTL_FAST_MATH = YES;
				ONLY_ACTIVE_ARCH = YES;
				SDKROOT = iphoneos;
				SWIFT_ACTIVE_COMPILATION_CONDITIONS = DEBUG;
				SWIFT_OPTIMIZATION_LEVEL = "-Onone";
			};
			name = Debug;
		};
		F633CCF225BFCA4C002B331A /* Release */ = {
			isa = XCBuildConfiguration;
			buildSettings = {
				ALWAYS_SEARCH_USER_PATHS = NO;
				CLANG_ANALYZER_NONNULL = YES;
				CLANG_ANALYZER_NUMBER_OBJECT_CONVERSION = YES_AGGRESSIVE;
				CLANG_CXX_LANGUAGE_STANDARD = "gnu++14";
				CLANG_CXX_LIBRARY = "libc++";
				CLANG_ENABLE_MODULES = YES;
				CLANG_ENABLE_OBJC_ARC = YES;
				CLANG_ENABLE_OBJC_WEAK = YES;
				CLANG_WARN_BLOCK_CAPTURE_AUTORELEASING = YES;
				CLANG_WARN_BOOL_CONVERSION = YES;
				CLANG_WARN_COMMA = YES;
				CLANG_WARN_CONSTANT_CONVERSION = YES;
				CLANG_WARN_DEPRECATED_OBJC_IMPLEMENTATIONS = YES;
				CLANG_WARN_DIRECT_OBJC_ISA_USAGE = YES_ERROR;
				CLANG_WARN_DOCUMENTATION_COMMENTS = YES;
				CLANG_WARN_EMPTY_BODY = YES;
				CLANG_WARN_ENUM_CONVERSION = YES;
				CLANG_WARN_INFINITE_RECURSION = YES;
				CLANG_WARN_INT_CONVERSION = YES;
				CLANG_WARN_NON_LITERAL_NULL_CONVERSION = YES;
				CLANG_WARN_OBJC_IMPLICIT_RETAIN_SELF = YES;
				CLANG_WARN_OBJC_LITERAL_CONVERSION = YES;
				CLANG_WARN_OBJC_ROOT_CLASS = YES_ERROR;
				CLANG_WARN_QUOTED_INCLUDE_IN_FRAMEWORK_HEADER = YES;
				CLANG_WARN_RANGE_LOOP_ANALYSIS = YES;
				CLANG_WARN_STRICT_PROTOTYPES = YES;
				CLANG_WARN_SUSPICIOUS_MOVE = YES;
				CLANG_WARN_UNGUARDED_AVAILABILITY = YES_AGGRESSIVE;
				CLANG_WARN_UNREACHABLE_CODE = YES;
				CLANG_WARN__DUPLICATE_METHOD_MATCH = YES;
				COPY_PHASE_STRIP = NO;
				DEBUG_INFORMATION_FORMAT = "dwarf-with-dsym";
				ENABLE_NS_ASSERTIONS = NO;
				ENABLE_STRICT_OBJC_MSGSEND = YES;
				GCC_C_LANGUAGE_STANDARD = gnu11;
				GCC_NO_COMMON_BLOCKS = YES;
				GCC_WARN_64_TO_32_BIT_CONVERSION = YES;
				GCC_WARN_ABOUT_RETURN_TYPE = YES_ERROR;
				GCC_WARN_UNDECLARED_SELECTOR = YES;
				GCC_WARN_UNINITIALIZED_AUTOS = YES_AGGRESSIVE;
				GCC_WARN_UNUSED_FUNCTION = YES;
				GCC_WARN_UNUSED_VARIABLE = YES;
				IPHONEOS_DEPLOYMENT_TARGET = 14.3;
				MTL_ENABLE_DEBUG_INFO = NO;
				MTL_FAST_MATH = YES;
				SDKROOT = iphoneos;
				SWIFT_COMPILATION_MODE = wholemodule;
				SWIFT_OPTIMIZATION_LEVEL = "-O";
				VALIDATE_PRODUCT = YES;
			};
			name = Release;
		};
		F633CCF425BFCA4C002B331A /* Debug */ = {
			isa = XCBuildConfiguration;
			buildSettings = {
				ASSETCATALOG_COMPILER_APPICON_NAME = AppIcon;
				ASSETCATALOG_COMPILER_GLOBAL_ACCENT_COLOR_NAME = AccentColor;
				CODE_SIGN_STYLE = Automatic;
				INFOPLIST_FILE = codepathPreWork/Info.plist;
				LD_RUNPATH_SEARCH_PATHS = (
					"$(inherited)",
					"@executable_path/Frameworks",
				);
				PRODUCT_BUNDLE_IDENTIFIER = chris.codepathPreWork;
				PRODUCT_NAME = "$(TARGET_NAME)";
				SWIFT_VERSION = 5.0;
				TARGETED_DEVICE_FAMILY = "1,2";
			};
			name = Debug;
		};
		F633CCF525BFCA4C002B331A /* Release */ = {
			isa = XCBuildConfiguration;
			buildSettings = {
				ASSETCATALOG_COMPILER_APPICON_NAME = AppIcon;
				ASSETCATALOG_COMPILER_GLOBAL_ACCENT_COLOR_NAME = AccentColor;
				CODE_SIGN_STYLE = Automatic;
				INFOPLIST_FILE = codepathPreWork/Info.plist;
				LD_RUNPATH_SEARCH_PATHS = (
					"$(inherited)",
					"@executable_path/Frameworks",
				);
				PRODUCT_BUNDLE_IDENTIFIER = chris.codepathPreWork;
				PRODUCT_NAME = "$(TARGET_NAME)";
				SWIFT_VERSION = 5.0;
				TARGETED_DEVICE_FAMILY = "1,2";
			};
			name = Release;
		};
		F633CCF725BFCA4C002B331A /* Debug */ = {
			isa = XCBuildConfiguration;
			buildSettings = {
				ALWAYS_EMBED_SWIFT_STANDARD_LIBRARIES = YES;
				BUNDLE_LOADER = "$(TEST_HOST)";
				CODE_SIGN_STYLE = Automatic;
				INFOPLIST_FILE = codepathPreWorkTests/Info.plist;
				IPHONEOS_DEPLOYMENT_TARGET = 14.3;
				LD_RUNPATH_SEARCH_PATHS = (
					"$(inherited)",
					"@executable_path/Frameworks",
					"@loader_path/Frameworks",
				);
				PRODUCT_BUNDLE_IDENTIFIER = chris.codepathPreWorkTests;
				PRODUCT_NAME = "$(TARGET_NAME)";
				SWIFT_VERSION = 5.0;
				TARGETED_DEVICE_FAMILY = "1,2";
				TEST_HOST = "$(BUILT_PRODUCTS_DIR)/codepathPreWork.app/codepathPreWork";
			};
			name = Debug;
		};
		F633CCF825BFCA4C002B331A /* Release */ = {
			isa = XCBuildConfiguration;
			buildSettings = {
				ALWAYS_EMBED_SWIFT_STANDARD_LIBRARIES = YES;
				BUNDLE_LOADER = "$(TEST_HOST)";
				CODE_SIGN_STYLE = Automatic;
				INFOPLIST_FILE = codepathPreWorkTests/Info.plist;
				IPHONEOS_DEPLOYMENT_TARGET = 14.3;
				LD_RUNPATH_SEARCH_PATHS = (
					"$(inherited)",
					"@executable_path/Frameworks",
					"@loader_path/Frameworks",
				);
				PRODUCT_BUNDLE_IDENTIFIER = chris.codepathPreWorkTests;
				PRODUCT_NAME = "$(TARGET_NAME)";
				SWIFT_VERSION = 5.0;
				TARGETED_DEVICE_FAMILY = "1,2";
				TEST_HOST = "$(BUILT_PRODUCTS_DIR)/codepathPreWork.app/codepathPreWork";
			};
			name = Release;
		};
		F633CCFA25BFCA4C002B331A /* Debug */ = {
			isa = XCBuildConfiguration;
			buildSettings = {
				ALWAYS_EMBED_SWIFT_STANDARD_LIBRARIES = YES;
				CODE_SIGN_STYLE = Automatic;
				INFOPLIST_FILE = codepathPreWorkUITests/Info.plist;
				LD_RUNPATH_SEARCH_PATHS = (
					"$(inherited)",
					"@executable_path/Frameworks",
					"@loader_path/Frameworks",
				);
				PRODUCT_BUNDLE_IDENTIFIER = chris.codepathPreWorkUITests;
				PRODUCT_NAME = "$(TARGET_NAME)";
				SWIFT_VERSION = 5.0;
				TARGETED_DEVICE_FAMILY = "1,2";
				TEST_TARGET_NAME = codepathPreWork;
			};
			name = Debug;
		};
		F633CCFB25BFCA4C002B331A /* Release */ = {
			isa = XCBuildConfiguration;
			buildSettings = {
				ALWAYS_EMBED_SWIFT_STANDARD_LIBRARIES = YES;
				CODE_SIGN_STYLE = Automatic;
				INFOPLIST_FILE = codepathPreWorkUITests/Info.plist;
				LD_RUNPATH_SEARCH_PATHS = (
					"$(inherited)",
					"@executable_path/Frameworks",
					"@loader_path/Frameworks",
				);
				PRODUCT_BUNDLE_IDENTIFIER = chris.codepathPreWorkUITests;
				PRODUCT_NAME = "$(TARGET_NAME)";
				SWIFT_VERSION = 5.0;
				TARGETED_DEVICE_FAMILY = "1,2";
				TEST_TARGET_NAME = codepathPreWork;
			};
			name = Release;
		};
/* End XCBuildConfiguration section */

/* Begin XCConfigurationList section */
		F633CCC425BFCA47002B331A /* Build configuration list for PBXProject "codepathPreWork" */ = {
			isa = XCConfigurationList;
			buildConfigurations = (
				F633CCF125BFCA4C002B331A /* Debug */,
				F633CCF225BFCA4C002B331A /* Release */,
			);
			defaultConfigurationIsVisible = 0;
			defaultConfigurationName = Release;
		};
		F633CCF325BFCA4C002B331A /* Build configuration list for PBXNativeTarget "codepathPreWork" */ = {
			isa = XCConfigurationList;
			buildConfigurations = (
				F633CCF425BFCA4C002B331A /* Debug */,
				F633CCF525BFCA4C002B331A /* Release */,
			);
			defaultConfigurationIsVisible = 0;
			defaultConfigurationName = Release;
		};
		F633CCF625BFCA4C002B331A /* Build configuration list for PBXNativeTarget "codepathPreWorkTests" */ = {
			isa = XCConfigurationList;
			buildConfigurations = (
				F633CCF725BFCA4C002B331A /* Debug */,
				F633CCF825BFCA4C002B331A /* Release */,
			);
			defaultConfigurationIsVisible = 0;
			defaultConfigurationName = Release;
		};
		F633CCF925BFCA4C002B331A /* Build configuration list for PBXNativeTarget "codepathPreWorkUITests" */ = {
			isa = XCConfigurationList;
			buildConfigurations = (
				F633CCFA25BFCA4C002B331A /* Debug */,
				F633CCFB25BFCA4C002B331A /* Release */,
			);
			defaultConfigurationIsVisible = 0;
			defaultConfigurationName = Release;
		};
/* End XCConfigurationList section */
	};
	rootObject = F633CCC125BFCA47002B331A /* Project object */;
}
